
Microsoft Visual Studio Solution File, Format Version 12.00
# Visual Studio Version 17
VisualStudioVersion = 17.0.31903.59
MinimumVisualStudioVersion = 10.0.40219.1
Project("{2150E333-8FDC-42A3-9474-1A3956D46DE8}") = "src", "src", "{827E0CD3-B72D-47B6-A68D-7590B98EB39B}"
EndProject
Project("{FAE04EC0-301F-11D3-BF4B-00C04F79EFBC}") = "TradeBooks.Domain", "src\TradeBooks.Domain\TradeBooks.Domain.csproj", "{30166865-2AD7-4207-BF63-129295F16795}"
EndProject
Project("{FAE04EC0-301F-11D3-BF4B-00C04F79EFBC}") = "TradeBooks.Application", "src\TradeBooks.Application\TradeBooks.Application.csproj", "{863E643B-BDBC-4731-8BB5-4B1C8282CFDD}"
EndProject
Project("{FAE04EC0-301F-11D3-BF4B-00C04F79EFBC}") = "TradeBooks.Infrastructure", "src\TradeBooks.Infrastructure\TradeBooks.Infrastructure.csproj", "{5B9AF89B-5283-47CC-9D11-BD8BC4E7E58C}"
EndProject
Project("{FAE04EC0-301F-11D3-BF4B-00C04F79EFBC}") = "TradeBooks.Api", "src\TradeBooks.Api\TradeBooks.Api.csproj", "{81EEB231-C505-4D41-ACA9-8D027E7100B3}"
EndProject
Project("{FAE04EC0-301F-11D3-BF4B-00C04F79EFBC}") = "TradeBooks.Web", "src\TradeBooks.Web\TradeBooks.Web.csproj", "{B7F675F5-21BB-47A1-ABF9-7210F3CB455C}"
EndProject
Project("{FAE04EC0-301F-11D3-BF4B-00C04F79EFBC}") = "TradeBooks.AuditService", "src\TradeBooks.AuditService\TradeBooks.AuditService.csproj", "{7D37F998-91BD-4CF3-8561-C4D5336538FD}"
EndProject
Project("{2150E333-8FDC-42A3-9474-1A3956D46DE8}") = "tests", "tests", "{0AB3BF05-4346-4AA6-1389-037BE0695223}"
EndProject
Project("{FAE04EC0-301F-11D3-BF4B-00C04F79EFBC}") = "TradeBooks.Tests", "tests\TradeBooks.Tests\TradeBooks.Tests.csproj", "{E8BBF296-CE2D-4B98-807A-AC3D87C4A16D}"
EndProject
Global
	GlobalSection(SolutionConfigurationPlatforms) = preSolution
		Debug|Any CPU = Debug|Any CPU
		Debug|x64 = Debug|x64
		Debug|x86 = Debug|x86
		Release|Any CPU = Release|Any CPU
		Release|x64 = Release|x64
		Release|x86 = Release|x86
	EndGlobalSection
	GlobalSection(ProjectConfigurationPlatforms) = postSolution
		{30166865-2AD7-4207-BF63-129295F16795}.Debug|Any CPU.ActiveCfg = Debug|Any CPU
		{30166865-2AD7-4207-BF63-129295F16795}.Debug|Any CPU.Build.0 = Debug|Any CPU
		{30166865-2AD7-4207-BF63-129295F16795}.Debug|x64.ActiveCfg = Debug|Any CPU
		{30166865-2AD7-4207-BF63-129295F16795}.Debug|x64.Build.0 = Debug|Any CPU
		{30166865-2AD7-4207-BF63-129295F16795}.Debug|x86.ActiveCfg = Debug|Any CPU
		{30166865-2AD7-4207-BF63-129295F16795}.Debug|x86.Build.0 = Debug|Any CPU
		{30166865-2AD7-4207-BF63-129295F16795}.Release|Any CPU.ActiveCfg = Release|Any CPU
		{30166865-2AD7-4207-BF63-129295F16795}.Release|Any CPU.Build.0 = Release|Any CPU
		{30166865-2AD7-4207-BF63-129295F16795}.Release|x64.ActiveCfg = Release|Any CPU
		{30166865-2AD7-4207-BF63-129295F16795}.Release|x64.Build.0 = Release|Any CPU
		{30166865-2AD7-4207-BF63-129295F16795}.Release|x86.ActiveCfg = Release|Any CPU
		{30166865-2AD7-4207-BF63-129295F16795}.Release|x86.Build.0 = Release|Any CPU
		{863E643B-BDBC-4731-8BB5-4B1C8282CFDD}.Debug|Any CPU.ActiveCfg = Debug|Any CPU
		{863E643B-BDBC-4731-8BB5-4B1C8282CFDD}.Debug|Any CPU.Build.0 = Debug|Any CPU
		{863E643B-BDBC-4731-8BB5-4B1C8282CFDD}.Debug|x64.ActiveCfg = Debug|Any CPU
		{863E643B-BDBC-4731-8BB5-4B1C8282CFDD}.Debug|x64.Build.0 = Debug|Any CPU
		{863E643B-BDBC-4731-8BB5-4B1C8282CFDD}.Debug|x86.ActiveCfg = Debug|Any CPU
		{863E643B-BDBC-4731-8BB5-4B1C8282CFDD}.Debug|x86.Build.0 = Debug|Any CPU
		{863E643B-BDBC-4731-8BB5-4B1C8282CFDD}.Release|Any CPU.ActiveCfg = Release|Any CPU
		{863E643B-BDBC-4731-8BB5-4B1C8282CFDD}.Release|Any CPU.Build.0 = Release|Any CPU
		{863E643B-BDBC-4731-8BB5-4B1C8282CFDD}.Release|x64.ActiveCfg = Release|Any CPU
		{863E643B-BDBC-4731-8BB5-4B1C8282CFDD}.Release|x64.Build.0 = Release|Any CPU
		{863E643B-BDBC-4731-8BB5-4B1C8282CFDD}.Release|x86.ActiveCfg = Release|Any CPU
		{863E643B-BDBC-4731-8BB5-4B1C8282CFDD}.Release|x86.Build.0 = Release|Any CPU
		{5B9AF89B-5283-47CC-9D11-BD8BC4E7E58C}.Debug|Any CPU.ActiveCfg = Debug|Any CPU
		{5B9AF89B-5283-47CC-9D11-BD8BC4E7E58C}.Debug|Any CPU.Build.0 = Debug|Any CPU
		{5B9AF89B-5283-47CC-9D11-BD8BC4E7E58C}.Debug|x64.ActiveCfg = Debug|Any CPU
		{5B9AF89B-5283-47CC-9D11-BD8BC4E7E58C}.Debug|x64.Build.0 = Debug|Any CPU
		{5B9AF89B-5283-47CC-9D11-BD8BC4E7E58C}.Debug|x86.ActiveCfg = Debug|Any CPU
		{5B9AF89B-5283-47CC-9D11-BD8BC4E7E58C}.Debug|x86.Build.0 = Debug|Any CPU
		{5B9AF89B-5283-47CC-9D11-BD8BC4E7E58C}.Release|Any CPU.ActiveCfg = Release|Any CPU
		{5B9AF89B-5283-47CC-9D11-BD8BC4E7E58C}.Release|Any CPU.Build.0 = Release|Any CPU
		{5B9AF89B-5283-47CC-9D11-BD8BC4E7E58C}.Release|x64.ActiveCfg = Release|Any CPU
		{5B9AF89B-5283-47CC-9D11-BD8BC4E7E58C}.Release|x64.Build.0 = Release|Any CPU
		{5B9AF89B-5283-47CC-9D11-BD8BC4E7E58C}.Release|x86.ActiveCfg = Release|Any CPU
		{5B9AF89B-5283-47CC-9D11-BD8BC4E7E58C}.Release|x86.Build.0 = Release|Any CPU
		{81EEB231-C505-4D41-ACA9-8D027E7100B3}.Debug|Any CPU.ActiveCfg = Debug|Any CPU
		{81EEB231-C505-4D41-ACA9-8D027E7100B3}.Debug|Any CPU.Build.0 = Debug|Any CPU
		{81EEB231-C505-4D41-ACA9-8D027E7100B3}.Debug|x64.ActiveCfg = Debug|Any CPU
		{81EEB231-C505-4D41-ACA9-8D027E7100B3}.Debug|x64.Build.0 = Debug|Any CPU
		{81EEB231-C505-4D41-ACA9-8D027E7100B3}.Debug|x86.ActiveCfg = Debug|Any CPU
		{81EEB231-C505-4D41-ACA9-8D027E7100B3}.Debug|x86.Build.0 = Debug|Any CPU
		{81EEB231-C505-4D41-ACA9-8D027E7100B3}.Release|Any CPU.ActiveCfg = Release|Any CPU
		{81EEB231-C505-4D41-ACA9-8D027E7100B3}.Release|Any CPU.Build.0 = Release|Any CPU
		{81EEB231-C505-4D41-ACA9-8D027E7100B3}.Release|x64.ActiveCfg = Release|Any CPU
		{81EEB231-C505-4D41-ACA9-8D027E7100B3}.Release|x64.Build.0 = Release|Any CPU
		{81EEB231-C505-4D41-ACA9-8D027E7100B3}.Release|x86.ActiveCfg = Release|Any CPU
		{81EEB231-C505-4D41-ACA9-8D027E7100B3}.Release|x86.Build.0 = Release|Any CPU
		{B7F675F5-21BB-47A1-ABF9-7210F3CB455C}.Debug|Any CPU.ActiveCfg = Debug|Any CPU
		{B7F675F5-21BB-47A1-ABF9-7210F3CB455C}.Debug|Any CPU.Build.0 = Debug|Any CPU
		{B7F675F5-21BB-47A1-ABF9-7210F3CB455C}.Debug|x64.ActiveCfg = Debug|Any CPU
		{B7F675F5-21BB-47A1-ABF9-7210F3CB455C}.Debug|x64.Build.0 = Debug|Any CPU
		{B7F675F5-21BB-47A1-ABF9-7210F3CB455C}.Debug|x86.ActiveCfg = Debug|Any CPU
		{B7F675F5-21BB-47A1-ABF9-7210F3CB455C}.Debug|x86.Build.0 = Debug|Any CPU
		{B7F675F5-21BB-47A1-ABF9-7210F3CB455C}.Release|Any CPU.ActiveCfg = Release|Any CPU
		{B7F675F5-21BB-47A1-ABF9-7210F3CB455C}.Release|Any CPU.Build.0 = Release|Any CPU
		{B7F675F5-21BB-47A1-ABF9-7210F3CB455C}.Release|x64.ActiveCfg = Release|Any CPU
		{B7F675F5-21BB-47A1-ABF9-7210F3CB455C}.Release|x64.Build.0 = Release|Any CPU
		{B7F675F5-21BB-47A1-ABF9-7210F3CB455C}.Release|x86.ActiveCfg = Release|Any CPU
		{B7F675F5-21BB-47A1-ABF9-7210F3CB455C}.Release|x86.Build.0 = Release|Any CPU
		{7D37F998-91BD-4CF3-8561-C4D5336538FD}.Debug|Any CPU.ActiveCfg = Debug|Any CPU
		{7D37F998-91BD-4CF3-8561-C4D5336538FD}.Debug|Any CPU.Build.0 = Debug|Any CPU
		{7D37F998-91BD-4CF3-8561-C4D5336538FD}.Debug|x64.ActiveCfg = Debug|Any CPU
		{7D37F998-91BD-4CF3-8561-C4D5336538FD}.Debug|x64.Build.0 = Debug|Any CPU
		{7D37F998-91BD-4CF3-8561-C4D5336538FD}.Debug|x86.ActiveCfg = Debug|Any CPU
		{7D37F998-91BD-4CF3-8561-C4D5336538FD}.Debug|x86.Build.0 = Debug|Any CPU
		{7D37F998-91BD-4CF3-8561-C4D5336538FD}.Release|Any CPU.ActiveCfg = Release|Any CPU
		{7D37F998-91BD-4CF3-8561-C4D5336538FD}.Release|Any CPU.Build.0 = Release|Any CPU
		{7D37F998-91BD-4CF3-8561-C4D5336538FD}.Release|x64.ActiveCfg = Release|Any CPU
		{7D37F998-91BD-4CF3-8561-C4D5336538FD}.Release|x64.Build.0 = Release|Any CPU
		{7D37F998-91BD-4CF3-8561-C4D5336538FD}.Release|x86.ActiveCfg = Release|Any CPU
		{7D37F998-91BD-4CF3-8561-C4D5336538FD}.Release|x86.Build.0 = Release|Any CPU
		{E8BBF296-CE2D-4B98-807A-AC3D87C4A16D}.Debug|Any CPU.ActiveCfg = Debug|Any CPU
		{E8BBF296-CE2D-4B98-807A-AC3D87C4A16D}.Debug|Any CPU.Build.0 = Debug|Any CPU
		{E8BBF296-CE2D-4B98-807A-AC3D87C4A16D}.Debug|x64.ActiveCfg = Debug|Any CPU
		{E8BBF296-CE2D-4B98-807A-AC3D87C4A16D}.Debug|x64.Build.0 = Debug|Any CPU
		{E8BBF296-CE2D-4B98-807A-AC3D87C4A16D}.Debug|x86.ActiveCfg = Debug|Any CPU
		{E8BBF296-CE2D-4B98-807A-AC3D87C4A16D}.Debug|x86.Build.0 = Debug|Any CPU
		{E8BBF296-CE2D-4B98-807A-AC3D87C4A16D}.Release|Any CPU.ActiveCfg = Release|Any CPU
		{E8BBF296-CE2D-4B98-807A-AC3D87C4A16D}.Release|Any CPU.Build.0 = Release|Any CPU
		{E8BBF296-CE2D-4B98-807A-AC3D87C4A16D}.Release|x64.ActiveCfg = Release|Any CPU
		{E8BBF296-CE2D-4B98-807A-AC3D87C4A16D}.Release|x64.Build.0 = Release|Any CPU
		{E8BBF296-CE2D-4B98-807A-AC3D87C4A16D}.Release|x86.ActiveCfg = Release|Any CPU
		{E8BBF296-CE2D-4B98-807A-AC3D87C4A16D}.Release|x86.Build.0 = Release|Any CPU
	EndGlobalSection
	GlobalSection(SolutionProperties) = preSolution
		HideSolutionNode = FALSE
	EndGlobalSection
	GlobalSection(NestedProjects) = preSolution
		{30166865-2AD7-4207-BF63-129295F16795} = {827E0CD3-B72D-47B6-A68D-7590B98EB39B}
		{863E643B-BDBC-4731-8BB5-4B1C8282CFDD} = {827E0CD3-B72D-47B6-A68D-7590B98EB39B}
		{5B9AF89B-5283-47CC-9D11-BD8BC4E7E58C} = {827E0CD3-B72D-47B6-A68D-7590B98EB39B}
		{81EEB231-C505-4D41-ACA9-8D027E7100B3} = {827E0CD3-B72D-47B6-A68D-7590B98EB39B}
		{B7F675F5-21BB-47A1-ABF9-7210F3CB455C} = {827E0CD3-B72D-47B6-A68D-7590B98EB39B}
		{7D37F998-91BD-4CF3-8561-C4D5336538FD} = {827E0CD3-B72D-47B6-A68D-7590B98EB39B}
		{E8BBF296-CE2D-4B98-807A-AC3D87C4A16D} = {0AB3BF05-4346-4AA6-1389-037BE0695223}
	EndGlobalSection
EndGlobal
